
Microsoft Visual Studio Solution File, Format Version 12.00
# Visual Studio Version 17
VisualStudioVersion = 17.11.35208.52
MinimumVisualStudioVersion = 10.0.40219.1
Project("{2150E333-8FDC-42A3-9474-1A3956D46DE8}") = "src", "src", "{A22FAFE7-8D60-4247-A315-F941474E09A2}"
EndProject
Project("{2150E333-8FDC-42A3-9474-1A3956D46DE8}") = "test", "test", "{727F04AA-218E-4BA7-B563-33DA116927ED}"
EndProject
Project("{2150E333-8FDC-42A3-9474-1A3956D46DE8}") = "examples", "examples", "{4A6CA747-51C5-455B-98B4-08BABE432C5B}"
EndProject
Project("{FAE04EC0-301F-11D3-BF4B-00C04F79EFBC}") = "Keel", "src\Keel\Keel.csproj", "{A361F8CA-5F9B-4C28-9A3B-09982D063029}"
EndProject
Project("{FAE04EC0-301F-11D3-BF4B-00C04F79EFBC}") = "Keel.WPF", "src\Keel.WPF\Keel.WPF.csproj", "{B92D2B40-B74F-400B-891A-7CE0DF99D647}"
EndProject
Project("{FAE04EC0-301F-11D3-BF4B-00C04F79EFBC}") = "Keel.WPF.Test", "test\Keel.WPF.Test\Keel.WPF.Test.csproj", "{CF6D0283-9D6C-4E76-AB0F-3EB3365039C3}"
EndProject
Project("{FAE04EC0-301F-11D3-BF4B-00C04F79EFBC}") = "Keel.WPF.Demo", "examples\Keel.WPF.Demo\Keel.WPF.Demo.csproj", "{76D48B3E-1DEB-45C8-899C-6D6E2B724523}"
EndProject
Global
	GlobalSection(SolutionConfigurationPlatforms) = preSolution
		Debug|Any CPU = Debug|Any CPU
		Release|Any CPU = Release|Any CPU
	EndGlobalSection
	GlobalSection(ProjectConfigurationPlatforms) = postSolution
		{A361F8CA-5F9B-4C28-9A3B-09982D063029}.Debug|Any CPU.ActiveCfg = Debug|Any CPU
		{A361F8CA-5F9B-4C28-9A3B-09982D063029}.Debug|Any CPU.Build.0 = Debug|Any CPU
		{A361F8CA-5F9B-4C28-9A3B-09982D063029}.Release|Any CPU.ActiveCfg = Release|Any CPU
		{A361F8CA-5F9B-4C28-9A3B-09982D063029}.Release|Any CPU.Build.0 = Release|Any CPU
		{B92D2B40-B74F-400B-891A-7CE0DF99D647}.Debug|Any CPU.ActiveCfg = Debug|Any CPU
		{B92D2B40-B74F-400B-891A-7CE0DF99D647}.Debug|Any CPU.Build.0 = Debug|Any CPU
		{B92D2B40-B74F-400B-891A-7CE0DF99D647}.Release|Any CPU.ActiveCfg = Release|Any CPU
		{B92D2B40-B74F-400B-891A-7CE0DF99D647}.Release|Any CPU.Build.0 = Release|Any CPU
		{CF6D0283-9D6C-4E76-AB0F-3EB3365039C3}.Debug|Any CPU.ActiveCfg = Debug|Any CPU
		{CF6D0283-9D6C-4E76-AB0F-3EB3365039C3}.Debug|Any CPU.Build.0 = Debug|Any CPU
		{CF6D0283-9D6C-4E76-AB0F-3EB3365039C3}.Release|Any CPU.ActiveCfg = Release|Any CPU
		{CF6D0283-9D6C-4E76-AB0F-3EB3365039C3}.Release|Any CPU.Build.0 = Release|Any CPU
		{76D48B3E-1DEB-45C8-899C-6D6E2B724523}.Debug|Any CPU.ActiveCfg = Debug|Any CPU
		{76D48B3E-1DEB-45C8-899C-6D6E2B724523}.Debug|Any CPU.Build.0 = Debug|Any CPU
		{76D48B3E-1DEB-45C8-899C-6D6E2B724523}.Release|Any CPU.ActiveCfg = Release|Any CPU
		{76D48B3E-1DEB-45C8-899C-6D6E2B724523}.Release|Any CPU.Build.0 = Release|Any CPU
	EndGlobalSection
	GlobalSection(SolutionProperties) = preSolution
		HideSolutionNode = FALSE
	EndGlobalSection
	GlobalSection(NestedProjects) = preSolution
		{A361F8CA-5F9B-4C28-9A3B-09982D063029} = {A22FAFE7-8D60-4247-A315-F941474E09A2}
		{B92D2B40-B74F-400B-891A-7CE0DF99D647} = {A22FAFE7-8D60-4247-A315-F941474E09A2}
		{CF6D0283-9D6C-4E76-AB0F-3EB3365039C3} = {727F04AA-218E-4BA7-B563-33DA116927ED}
		{76D48B3E-1DEB-45C8-899C-6D6E2B724523} = {4A6CA747-51C5-455B-98B4-08BABE432C5B}
	EndGlobalSection
	GlobalSection(ExtensibilityGlobals) = postSolution
		SolutionGuid = {DF67564B-DCD7-4541-87D8-0145FF8F224C}
	EndGlobalSection
EndGlobal
